// !$*UTF8*$!
{
	archiveVersion = 1;
	classes = {
	};
	objectVersion = 56;
	objects = {

/* Begin PBXBuildFile section */
		E94CDC522BD16E9B00A459C3 /* NewScenarioSheetView.swift in Sources */ = {isa = PBXBuildFile; fileRef = E94CDC512BD16E9B00A459C3 /* NewScenarioSheetView.swift */; };
		E94CDC542BD171BF00A459C3 /* ScenarioController.swift in Sources */ = {isa = PBXBuildFile; fileRef = E94CDC532BD171BF00A459C3 /* ScenarioController.swift */; };
		E94CDC562BD179D900A459C3 /* ScriptsListView.swift in Sources */ = {isa = PBXBuildFile; fileRef = E94CDC552BD179D900A459C3 /* ScriptsListView.swift */; };
		E94CDC582BD17DCE00A459C3 /* SceneCardsView.swift in Sources */ = {isa = PBXBuildFile; fileRef = E94CDC572BD17DCE00A459C3 /* SceneCardsView.swift */; };
		E968D0DB2BC55E66007DCC5B /* Self_TalkApp.swift in Sources */ = {isa = PBXBuildFile; fileRef = E968D0DA2BC55E66007DCC5B /* Self_TalkApp.swift */; };
		E968D0DD2BC55E66007DCC5B /* ContentView.swift in Sources */ = {isa = PBXBuildFile; fileRef = E968D0DC2BC55E66007DCC5B /* ContentView.swift */; };
		E968D0DF2BC55E67007DCC5B /* Assets.xcassets in Resources */ = {isa = PBXBuildFile; fileRef = E968D0DE2BC55E67007DCC5B /* Assets.xcassets */; };
		E968D0E22BC55E67007DCC5B /* Preview Assets.xcassets in Resources */ = {isa = PBXBuildFile; fileRef = E968D0E12BC55E67007DCC5B /* Preview Assets.xcassets */; };
		E9A40EC92BD29A0D007B71BA /* VoiceRecognitionView.swift in Sources */ = {isa = PBXBuildFile; fileRef = E9A40EC82BD29A0D007B71BA /* VoiceRecognitionView.swift */; };
		E9A40ECB2BD29B94007B71BA /* SpeechRecognizer.swift in Sources */ = {isa = PBXBuildFile; fileRef = E9A40ECA2BD29B94007B71BA /* SpeechRecognizer.swift */; };
		E9CEF4592BCE0BD30040DAC1 /* OnboardingView.swift in Sources */ = {isa = PBXBuildFile; fileRef = E9CEF4582BCE0BD30040DAC1 /* OnboardingView.swift */; };
		E9CEF45C2BCE14A40040DAC1 /* ScenesView.swift in Sources */ = {isa = PBXBuildFile; fileRef = E9CEF45B2BCE14A40040DAC1 /* ScenesView.swift */; };
		E9CEF45E2BCE15340040DAC1 /* SceneModel.swift in Sources */ = {isa = PBXBuildFile; fileRef = E9CEF45D2BCE15340040DAC1 /* SceneModel.swift */; };
		E9CEF4612BCE155F0040DAC1 /* ViewModel.swift in Sources */ = {isa = PBXBuildFile; fileRef = E9CEF4602BCE155F0040DAC1 /* ViewModel.swift */; };
		E9CEF4632BCE17DA0040DAC1 /* SceneCard.swift in Sources */ = {isa = PBXBuildFile; fileRef = E9CEF4622BCE17DA0040DAC1 /* SceneCard.swift */; };
		E9CEF4662BCE9DBF0040DAC1 /* SceneView.swift in Sources */ = {isa = PBXBuildFile; fileRef = E9CEF4652BCE9DBF0040DAC1 /* SceneView.swift */; };
/* End PBXBuildFile section */

/* Begin PBXFileReference section */
		E94CDC512BD16E9B00A459C3 /* NewScenarioSheetView.swift */ = {isa = PBXFileReference; lastKnownFileType = sourcecode.swift; path = NewScenarioSheetView.swift; sourceTree = "<group>"; };
		E94CDC532BD171BF00A459C3 /* ScenarioController.swift */ = {isa = PBXFileReference; lastKnownFileType = sourcecode.swift; path = ScenarioController.swift; sourceTree = "<group>"; };
		E94CDC552BD179D900A459C3 /* ScriptsListView.swift */ = {isa = PBXFileReference; lastKnownFileType = sourcecode.swift; path = ScriptsListView.swift; sourceTree = "<group>"; };
		E94CDC572BD17DCE00A459C3 /* SceneCardsView.swift */ = {isa = PBXFileReference; lastKnownFileType = sourcecode.swift; path = SceneCardsView.swift; sourceTree = "<group>"; };
		E968D0D72BC55E66007DCC5B /* Self Talk.app */ = {isa = PBXFileReference; explicitFileType = wrapper.application; includeInIndex = 0; path = "Self Talk.app"; sourceTree = BUILT_PRODUCTS_DIR; };
		E968D0DA2BC55E66007DCC5B /* Self_TalkApp.swift */ = {isa = PBXFileReference; lastKnownFileType = sourcecode.swift; path = Self_TalkApp.swift; sourceTree = "<group>"; };
		E968D0DC2BC55E66007DCC5B /* ContentView.swift */ = {isa = PBXFileReference; lastKnownFileType = sourcecode.swift; path = ContentView.swift; sourceTree = "<group>"; };
		E968D0DE2BC55E67007DCC5B /* Assets.xcassets */ = {isa = PBXFileReference; lastKnownFileType = folder.assetcatalog; path = Assets.xcassets; sourceTree = "<group>"; };
		E968D0E12BC55E67007DCC5B /* Preview Assets.xcassets */ = {isa = PBXFileReference; lastKnownFileType = folder.assetcatalog; path = "Preview Assets.xcassets"; sourceTree = "<group>"; };
		E9A40EC82BD29A0D007B71BA /* VoiceRecognitionView.swift */ = {isa = PBXFileReference; lastKnownFileType = sourcecode.swift; path = VoiceRecognitionView.swift; sourceTree = "<group>"; };
		E9A40ECA2BD29B94007B71BA /* SpeechRecognizer.swift */ = {isa = PBXFileReference; lastKnownFileType = sourcecode.swift; path = SpeechRecognizer.swift; sourceTree = "<group>"; };
		E9CEF4582BCE0BD30040DAC1 /* OnboardingView.swift */ = {isa = PBXFileReference; lastKnownFileType = sourcecode.swift; path = OnboardingView.swift; sourceTree = "<group>"; };
		E9CEF45B2BCE14A40040DAC1 /* ScenesView.swift */ = {isa = PBXFileReference; lastKnownFileType = sourcecode.swift; path = ScenesView.swift; sourceTree = "<group>"; };
		E9CEF45D2BCE15340040DAC1 /* SceneModel.swift */ = {isa = PBXFileReference; lastKnownFileType = sourcecode.swift; path = SceneModel.swift; sourceTree = "<group>"; };
		E9CEF4602BCE155F0040DAC1 /* ViewModel.swift */ = {isa = PBXFileReference; lastKnownFileType = sourcecode.swift; path = ViewModel.swift; sourceTree = "<group>"; };
		E9CEF4622BCE17DA0040DAC1 /* SceneCard.swift */ = {isa = PBXFileReference; lastKnownFileType = sourcecode.swift; path = SceneCard.swift; sourceTree = "<group>"; };
		E9CEF4652BCE9DBF0040DAC1 /* SceneView.swift */ = {isa = PBXFileReference; lastKnownFileType = sourcecode.swift; path = SceneView.swift; sourceTree = "<group>"; };
/* End PBXFileReference section */

/* Begin PBXFrameworksBuildPhase section */
		E968D0D42BC55E66007DCC5B /* Frameworks */ = {
			isa = PBXFrameworksBuildPhase;
			buildActionMask = 2147483647;
			files = (
			);
			runOnlyForDeploymentPostprocessing = 0;
		};
/* End PBXFrameworksBuildPhase section */

/* Begin PBXGroup section */
		E968D0CE2BC55E66007DCC5B = {
			isa = PBXGroup;
			children = (
				E968D0D92BC55E66007DCC5B /* Self Talk */,
				E968D0D82BC55E66007DCC5B /* Products */,
			);
			sourceTree = "<group>";
		};
		E968D0D82BC55E66007DCC5B /* Products */ = {
			isa = PBXGroup;
			children = (
				E968D0D72BC55E66007DCC5B /* Self Talk.app */,
			);
			name = Products;
			sourceTree = "<group>";
		};
		E968D0D92BC55E66007DCC5B /* Self Talk */ = {
			isa = PBXGroup;
			children = (
				E968D0DA2BC55E66007DCC5B /* Self_TalkApp.swift */,
				E968D0DC2BC55E66007DCC5B /* ContentView.swift */,
				E9CEF4602BCE155F0040DAC1 /* ViewModel.swift */,
				E94CDC532BD171BF00A459C3 /* ScenarioController.swift */,
				E9CEF4642BCE17DF0040DAC1 /* Components */,
				E9CEF45A2BCE0BD80040DAC1 /* Views */,
				E9CEF45F2BCE15370040DAC1 /* Models */,
				E968D0DE2BC55E67007DCC5B /* Assets.xcassets */,
				E968D0E02BC55E67007DCC5B /* Preview Content */,
			);
			path = "Self Talk";
			sourceTree = "<group>";
		};
		E968D0E02BC55E67007DCC5B /* Preview Content */ = {
			isa = PBXGroup;
			children = (
				E968D0E12BC55E67007DCC5B /* Preview Assets.xcassets */,
			);
			path = "Preview Content";
			sourceTree = "<group>";
		};
		E9CEF45A2BCE0BD80040DAC1 /* Views */ = {
			isa = PBXGroup;
			children = (
				E9CEF4582BCE0BD30040DAC1 /* OnboardingView.swift */,
				E9CEF45B2BCE14A40040DAC1 /* ScenesView.swift */,
				E9A40EC82BD29A0D007B71BA /* VoiceRecognitionView.swift */,
				E94CDC572BD17DCE00A459C3 /* SceneCardsView.swift */,
				E94CDC552BD179D900A459C3 /* ScriptsListView.swift */,
				E94CDC512BD16E9B00A459C3 /* NewScenarioSheetView.swift */,
				E9CEF4652BCE9DBF0040DAC1 /* SceneView.swift */,
			);
			path = Views;
			sourceTree = "<group>";
		};
		E9CEF45F2BCE15370040DAC1 /* Models */ = {
			isa = PBXGroup;
			children = (
				E9A40ECA2BD29B94007B71BA /* SpeechRecognizer.swift */,
				E9CEF45D2BCE15340040DAC1 /* SceneModel.swift */,
			);
			path = Models;
			sourceTree = "<group>";
		};
		E9CEF4642BCE17DF0040DAC1 /* Components */ = {
			isa = PBXGroup;
			children = (
				E9CEF4622BCE17DA0040DAC1 /* SceneCard.swift */,
			);
			path = Components;
			sourceTree = "<group>";
		};
/* End PBXGroup section */

/* Begin PBXNativeTarget section */
		E968D0D62BC55E66007DCC5B /* Self Talk */ = {
			isa = PBXNativeTarget;
			buildConfigurationList = E968D0E52BC55E67007DCC5B /* Build configuration list for PBXNativeTarget "Self Talk" */;
			buildPhases = (
				E968D0D32BC55E66007DCC5B /* Sources */,
				E968D0D42BC55E66007DCC5B /* Frameworks */,
				E968D0D52BC55E66007DCC5B /* Resources */,
			);
			buildRules = (
			);
			dependencies = (
			);
			name = "Self Talk";
			productName = "Self Talk";
			productReference = E968D0D72BC55E66007DCC5B /* Self Talk.app */;
			productType = "com.apple.product-type.application";
		};
/* End PBXNativeTarget section */

/* Begin PBXProject section */
		E968D0CF2BC55E66007DCC5B /* Project object */ = {
			isa = PBXProject;
			attributes = {
				BuildIndependentTargetsInParallel = 1;
				LastSwiftUpdateCheck = 1530;
				LastUpgradeCheck = 1530;
				TargetAttributes = {
					E968D0D62BC55E66007DCC5B = {
						CreatedOnToolsVersion = 15.3;
					};
				};
			};
			buildConfigurationList = E968D0D22BC55E66007DCC5B /* Build configuration list for PBXProject "Self Talk" */;
			compatibilityVersion = "Xcode 14.0";
			developmentRegion = en;
			hasScannedForEncodings = 0;
			knownRegions = (
				en,
				Base,
			);
			mainGroup = E968D0CE2BC55E66007DCC5B;
			productRefGroup = E968D0D82BC55E66007DCC5B /* Products */;
			projectDirPath = "";
			projectRoot = "";
			targets = (
				E968D0D62BC55E66007DCC5B /* Self Talk */,
			);
		};
/* End PBXProject section */

/* Begin PBXResourcesBuildPhase section */
		E968D0D52BC55E66007DCC5B /* Resources */ = {
			isa = PBXResourcesBuildPhase;
			buildActionMask = 2147483647;
			files = (
				E968D0E22BC55E67007DCC5B /* Preview Assets.xcassets in Resources */,
				E968D0DF2BC55E67007DCC5B /* Assets.xcassets in Resources */,
			);
			runOnlyForDeploymentPostprocessing = 0;
		};
/* End PBXResourcesBuildPhase section */

/* Begin PBXSourcesBuildPhase section */
		E968D0D32BC55E66007DCC5B /* Sources */ = {
			isa = PBXSourcesBuildPhase;
			buildActionMask = 2147483647;
			files = (
				E9CEF4592BCE0BD30040DAC1 /* OnboardingView.swift in Sources */,
				E94CDC582BD17DCE00A459C3 /* SceneCardsView.swift in Sources */,
				E94CDC522BD16E9B00A459C3 /* NewScenarioSheetView.swift in Sources */,
				E9CEF45E2BCE15340040DAC1 /* SceneModel.swift in Sources */,
				E968D0DD2BC55E66007DCC5B /* ContentView.swift in Sources */,
				E9CEF4662BCE9DBF0040DAC1 /* SceneView.swift in Sources */,
				E968D0DB2BC55E66007DCC5B /* Self_TalkApp.swift in Sources */,
				E9A40ECB2BD29B94007B71BA /* SpeechRecognizer.swift in Sources */,
				E9CEF4632BCE17DA0040DAC1 /* SceneCard.swift in Sources */,
				E94CDC542BD171BF00A459C3 /* ScenarioController.swift in Sources */,
				E9A40EC92BD29A0D007B71BA /* VoiceRecognitionView.swift in Sources */,
				E9CEF4612BCE155F0040DAC1 /* ViewModel.swift in Sources */,
				E94CDC562BD179D900A459C3 /* ScriptsListView.swift in Sources */,
				E9CEF45C2BCE14A40040DAC1 /* ScenesView.swift in Sources */,
			);
			runOnlyForDeploymentPostprocessing = 0;
		};
/* End PBXSourcesBuildPhase section */

/* Begin XCBuildConfiguration section */
		E968D0E32BC55E67007DCC5B /* Debug */ = {
			isa = XCBuildConfiguration;
			buildSettings = {
				ALWAYS_SEARCH_USER_PATHS = NO;
				ASSETCATALOG_COMPILER_GENERATE_SWIFT_ASSET_SYMBOL_EXTENSIONS = YES;
				CLANG_ANALYZER_NONNULL = YES;
				CLANG_ANALYZER_NUMBER_OBJECT_CONVERSION = YES_AGGRESSIVE;
				CLANG_CXX_LANGUAGE_STANDARD = "gnu++20";
				CLANG_ENABLE_MODULES = YES;
				CLANG_ENABLE_OBJC_ARC = YES;
				CLANG_ENABLE_OBJC_WEAK = YES;
				CLANG_WARN_BLOCK_CAPTURE_AUTORELEASING = YES;
				CLANG_WARN_BOOL_CONVERSION = YES;
				CLANG_WARN_COMMA = YES;
				CLANG_WARN_CONSTANT_CONVERSION = YES;
				CLANG_WARN_DEPRECATED_OBJC_IMPLEMENTATIONS = YES;
				CLANG_WARN_DIRECT_OBJC_ISA_USAGE = YES_ERROR;
				CLANG_WARN_DOCUMENTATION_COMMENTS = YES;
				CLANG_WARN_EMPTY_BODY = YES;
				CLANG_WARN_ENUM_CONVERSION = YES;
				CLANG_WARN_INFINITE_RECURSION = YES;
				CLANG_WARN_INT_CONVERSION = YES;
				CLANG_WARN_NON_LITERAL_NULL_CONVERSION = YES;
				CLANG_WARN_OBJC_IMPLICIT_RETAIN_SELF = YES;
				CLANG_WARN_OBJC_LITERAL_CONVERSION = YES;
				CLANG_WARN_OBJC_ROOT_CLASS = YES_ERROR;
				CLANG_WARN_QUOTED_INCLUDE_IN_FRAMEWORK_HEADER = YES;
				CLANG_WARN_RANGE_LOOP_ANALYSIS = YES;
				CLANG_WARN_STRICT_PROTOTYPES = YES;
				CLANG_WARN_SUSPICIOUS_MOVE = YES;
				CLANG_WARN_UNGUARDED_AVAILABILITY = YES_AGGRESSIVE;
				CLANG_WARN_UNREACHABLE_CODE = YES;
				CLANG_WARN__DUPLICATE_METHOD_MATCH = YES;
				COPY_PHASE_STRIP = NO;
				DEBUG_INFORMATION_FORMAT = dwarf;
				ENABLE_STRICT_OBJC_MSGSEND = YES;
				ENABLE_TESTABILITY = YES;
				ENABLE_USER_SCRIPT_SANDBOXING = YES;
				GCC_C_LANGUAGE_STANDARD = gnu17;
				GCC_DYNAMIC_NO_PIC = NO;
				GCC_NO_COMMON_BLOCKS = YES;
				GCC_OPTIMIZATION_LEVEL = 0;
				GCC_PREPROCESSOR_DEFINITIONS = (
					"DEBUG=1",
					"$(inherited)",
				);
				GCC_WARN_64_TO_32_BIT_CONVERSION = YES;
				GCC_WARN_ABOUT_RETURN_TYPE = YES_ERROR;
				GCC_WARN_UNDECLARED_SELECTOR = YES;
				GCC_WARN_UNINITIALIZED_AUTOS = YES_AGGRESSIVE;
				GCC_WARN_UNUSED_FUNCTION = YES;
				GCC_WARN_UNUSED_VARIABLE = YES;
				IPHONEOS_DEPLOYMENT_TARGET = 17.4;
				LOCALIZATION_PREFERS_STRING_CATALOGS = YES;
				MTL_ENABLE_DEBUG_INFO = INCLUDE_SOURCE;
				MTL_FAST_MATH = YES;
				ONLY_ACTIVE_ARCH = YES;
				SDKROOT = iphoneos;
				SWIFT_ACTIVE_COMPILATION_CONDITIONS = "DEBUG $(inherited)";
				SWIFT_OPTIMIZATION_LEVEL = "-Onone";
			};
			name = Debug;
		};
		E968D0E42BC55E67007DCC5B /* Release */ = {
			isa = XCBuildConfiguration;
			buildSettings = {
				ALWAYS_SEARCH_USER_PATHS = NO;
				ASSETCATALOG_COMPILER_GENERATE_SWIFT_ASSET_SYMBOL_EXTENSIONS = YES;
				CLANG_ANALYZER_NONNULL = YES;
				CLANG_ANALYZER_NUMBER_OBJECT_CONVERSION = YES_AGGRESSIVE;
				CLANG_CXX_LANGUAGE_STANDARD = "gnu++20";
				CLANG_ENABLE_MODULES = YES;
				CLANG_ENABLE_OBJC_ARC = YES;
				CLANG_ENABLE_OBJC_WEAK = YES;
				CLANG_WARN_BLOCK_CAPTURE_AUTORELEASING = YES;
				CLANG_WARN_BOOL_CONVERSION = YES;
				CLANG_WARN_COMMA = YES;
				CLANG_WARN_CONSTANT_CONVERSION = YES;
				CLANG_WARN_DEPRECATED_OBJC_IMPLEMENTATIONS = YES;
				CLANG_WARN_DIRECT_OBJC_ISA_USAGE = YES_ERROR;
				CLANG_WARN_DOCUMENTATION_COMMENTS = YES;
				CLANG_WARN_EMPTY_BODY = YES;
				CLANG_WARN_ENUM_CONVERSION = YES;
				CLANG_WARN_INFINITE_RECURSION = YES;
				CLANG_WARN_INT_CONVERSION = YES;
				CLANG_WARN_NON_LITERAL_NULL_CONVERSION = YES;
				CLANG_WARN_OBJC_IMPLICIT_RETAIN_SELF = YES;
				CLANG_WARN_OBJC_LITERAL_CONVERSION = YES;
				CLANG_WARN_OBJC_ROOT_CLASS = YES_ERROR;
				CLANG_WARN_QUOTED_INCLUDE_IN_FRAMEWORK_HEADER = YES;
				CLANG_WARN_RANGE_LOOP_ANALYSIS = YES;
				CLANG_WARN_STRICT_PROTOTYPES = YES;
				CLANG_WARN_SUSPICIOUS_MOVE = YES;
				CLANG_WARN_UNGUARDED_AVAILABILITY = YES_AGGRESSIVE;
				CLANG_WARN_UNREACHABLE_CODE = YES;
				CLANG_WARN__DUPLICATE_METHOD_MATCH = YES;
				COPY_PHASE_STRIP = NO;
				DEBUG_INFORMATION_FORMAT = "dwarf-with-dsym";
				ENABLE_NS_ASSERTIONS = NO;
				ENABLE_STRICT_OBJC_MSGSEND = YES;
				ENABLE_USER_SCRIPT_SANDBOXING = YES;
				GCC_C_LANGUAGE_STANDARD = gnu17;
				GCC_NO_COMMON_BLOCKS = YES;
				GCC_WARN_64_TO_32_BIT_CONVERSION = YES;
				GCC_WARN_ABOUT_RETURN_TYPE = YES_ERROR;
				GCC_WARN_UNDECLARED_SELECTOR = YES;
				GCC_WARN_UNINITIALIZED_AUTOS = YES_AGGRESSIVE;
				GCC_WARN_UNUSED_FUNCTION = YES;
				GCC_WARN_UNUSED_VARIABLE = YES;
				IPHONEOS_DEPLOYMENT_TARGET = 17.4;
				LOCALIZATION_PREFERS_STRING_CATALOGS = YES;
				MTL_ENABLE_DEBUG_INFO = NO;
				MTL_FAST_MATH = YES;
				SDKROOT = iphoneos;
				SWIFT_COMPILATION_MODE = wholemodule;
				VALIDATE_PRODUCT = YES;
			};
			name = Release;
		};
		E968D0E62BC55E67007DCC5B /* Debug */ = {
			isa = XCBuildConfiguration;
			buildSettings = {
				ASSETCATALOG_COMPILER_APPICON_NAME = AppIcon;
				ASSETCATALOG_COMPILER_GLOBAL_ACCENT_COLOR_NAME = AccentColor;
				CODE_SIGN_STYLE = Automatic;
				CURRENT_PROJECT_VERSION = 1;
				DEVELOPMENT_ASSET_PATHS = "\"Self Talk/Preview Content\"";
				DEVELOPMENT_TEAM = YHC26T5B2D;
				ENABLE_PREVIEWS = YES;
				GENERATE_INFOPLIST_FILE = YES;
				INFOPLIST_KEY_NSMicrophoneUsageDescription = "Microphone used for speech recognition";
				INFOPLIST_KEY_NSSpeechRecognitionUsageDescription = "Speech recognition used to create reports and for full experience";
				INFOPLIST_KEY_UIApplicationSceneManifest_Generation = YES;
				INFOPLIST_KEY_UIApplicationSupportsIndirectInputEvents = YES;
				INFOPLIST_KEY_UILaunchScreen_Generation = YES;
				INFOPLIST_KEY_UISupportedInterfaceOrientations_iPad = "UIInterfaceOrientationPortrait UIInterfaceOrientationPortraitUpsideDown UIInterfaceOrientationLandscapeLeft UIInterfaceOrientationLandscapeRight";
				INFOPLIST_KEY_UISupportedInterfaceOrientations_iPhone = "UIInterfaceOrientationPortrait UIInterfaceOrientationLandscapeLeft UIInterfaceOrientationLandscapeRight";
				LD_RUNPATH_SEARCH_PATHS = (
					"$(inherited)",
					"@executable_path/Frameworks",
				);
				MARKETING_VERSION = 1.0;
				PRODUCT_BUNDLE_IDENTIFIER = "app.Self-Talk";
				PRODUCT_NAME = "$(TARGET_NAME)";
				SWIFT_EMIT_LOC_STRINGS = YES;
				SWIFT_VERSION = 5.0;
				TARGETED_DEVICE_FAMILY = "1,2";
			};
			name = Debug;
		};
		E968D0E72BC55E67007DCC5B /* Release */ = {
			isa = XCBuildConfiguration;
			buildSettings = {
				ASSETCATALOG_COMPILER_APPICON_NAME = AppIcon;
				ASSETCATALOG_COMPILER_GLOBAL_ACCENT_COLOR_NAME = AccentColor;
				CODE_SIGN_STYLE = Automatic;
				CURRENT_PROJECT_VERSION = 1;
				DEVELOPMENT_ASSET_PATHS = "\"Self Talk/Preview Content\"";
				DEVELOPMENT_TEAM = YHC26T5B2D;
				ENABLE_PREVIEWS = YES;
				GENERATE_INFOPLIST_FILE = YES;
				INFOPLIST_KEY_NSMicrophoneUsageDescription = "Microphone used for speech recognition";
				INFOPLIST_KEY_NSSpeechRecognitionUsageDescription = "Speech recognition used to create reports and for full experience";
				INFOPLIST_KEY_UIApplicationSceneManifest_Generation = YES;
				INFOPLIST_KEY_UIApplicationSupportsIndirectInputEvents = YES;
				INFOPLIST_KEY_UILaunchScreen_Generation = YES;
				INFOPLIST_KEY_UISupportedInterfaceOrientations_iPad = "UIInterfaceOrientationPortrait UIInterfaceOrientationPortraitUpsideDown UIInterfaceOrientationLandscapeLeft UIInterfaceOrientationLandscapeRight";
				INFOPLIST_KEY_UISupportedInterfaceOrientations_iPhone = "UIInterfaceOrientationPortrait UIInterfaceOrientationLandscapeLeft UIInterfaceOrientationLandscapeRight";
				LD_RUNPATH_SEARCH_PATHS = (
					"$(inherited)",
					"@executable_path/Frameworks",
				);
				MARKETING_VERSION = 1.0;
				PRODUCT_BUNDLE_IDENTIFIER = "app.Self-Talk";
				PRODUCT_NAME = "$(TARGET_NAME)";
				SWIFT_EMIT_LOC_STRINGS = YES;
				SWIFT_VERSION = 5.0;
				TARGETED_DEVICE_FAMILY = "1,2";
			};
			name = Release;
		};
/* End XCBuildConfiguration section */

/* Begin XCConfigurationList section */
		E968D0D22BC55E66007DCC5B /* Build configuration list for PBXProject "Self Talk" */ = {
			isa = XCConfigurationList;
			buildConfigurations = (
				E968D0E32BC55E67007DCC5B /* Debug */,
				E968D0E42BC55E67007DCC5B /* Release */,
			);
			defaultConfigurationIsVisible = 0;
			defaultConfigurationName = Release;
		};
		E968D0E52BC55E67007DCC5B /* Build configuration list for PBXNativeTarget "Self Talk" */ = {
			isa = XCConfigurationList;
			buildConfigurations = (
				E968D0E62BC55E67007DCC5B /* Debug */,
				E968D0E72BC55E67007DCC5B /* Release */,
			);
			defaultConfigurationIsVisible = 0;
			defaultConfigurationName = Release;
		};
/* End XCConfigurationList section */
	};
	rootObject = E968D0CF2BC55E66007DCC5B /* Project object */;
}
